
Microsoft Visual Studio Solution File, Format Version 12.00
# Visual Studio Version 16
VisualStudioVersion = 16.0.31624.102
MinimumVisualStudioVersion = 10.0.40219.1
Project("{FAE04EC0-301F-11D3-BF4B-00C04F79EFBC}") = "DocxDemo", "DocxDemo\DocxDemo.csproj", "{18B85693-9BF1-40CE-94F3-830579B47CBB}"
EndProject
Project("{9A19103F-16F7-4668-BE54-9A1E7A4F7556}") = "DocXCore", "..\..\Docx\DocXCore\DocXCore.csproj", "{7C37D159-8B20-437D-9A15-AAB2B1004A5D}"
EndProject
Global
	GlobalSection(SolutionConfigurationPlatforms) = preSolution
		Debug|Any CPU = Debug|Any CPU
		Release|Any CPU = Release|Any CPU
	EndGlobalSection
	GlobalSection(ProjectConfigurationPlatforms) = postSolution
		{18B85693-9BF1-40CE-94F3-830579B47CBB}.Debug|Any CPU.ActiveCfg = Debug|Any CPU
		{18B85693-9BF1-40CE-94F3-830579B47CBB}.Debug|Any CPU.Build.0 = Debug|Any CPU
		{18B85693-9BF1-40CE-94F3-830579B47CBB}.Release|Any CPU.ActiveCfg = Release|Any CPU
		{18B85693-9BF1-40CE-94F3-830579B47CBB}.Release|Any CPU.Build.0 = Release|Any CPU
		{7C37D159-8B20-437D-9A15-AAB2B1004A5D}.Debug|Any CPU.ActiveCfg = Debug|Any CPU
		{7C37D159-8B20-437D-9A15-AAB2B1004A5D}.Debug|Any CPU.Build.0 = Debug|Any CPU
		{7C37D159-8B20-437D-9A15-AAB2B1004A5D}.Release|Any CPU.ActiveCfg = Release|Any CPU
		{7C37D159-8B20-437D-9A15-AAB2B1004A5D}.Release|Any CPU.Build.0 = Release|Any CPU
	EndGlobalSection
	GlobalSection(SolutionProperties) = preSolution
		HideSolutionNode = FALSE
	EndGlobalSection
	GlobalSection(ExtensibilityGlobals) = postSolution
		SolutionGuid = {262BC96B-5F0E-4507-9C8C-05A308514FB6}
	EndGlobalSection
EndGlobal
